// !$*UTF8*$!
{
	archiveVersion = 1;
	classes = {
	};
	objectVersion = 55;
	objects = {

/* Begin PBXBuildFile section */
		65CAFE9627F047850029D8E9 /* AppDelegate.swift in Sources */ = {isa = PBXBuildFile; fileRef = 65CAFE9527F047850029D8E9 /* AppDelegate.swift */; };
		65CAFE9A27F047850029D8E9 /* MainPageViewController.swift in Sources */ = {isa = PBXBuildFile; fileRef = 65CAFE9927F047850029D8E9 /* MainPageViewController.swift */; };
		65CAFE9F27F047860029D8E9 /* Assets.xcassets in Resources */ = {isa = PBXBuildFile; fileRef = 65CAFE9E27F047860029D8E9 /* Assets.xcassets */; };
		65CAFEA227F047860029D8E9 /* LaunchScreen.storyboard in Resources */ = {isa = PBXBuildFile; fileRef = 65CAFEA027F047860029D8E9 /* LaunchScreen.storyboard */; };
		65CAFEC827F0490E0029D8E9 /* NiblessViewController.swift in Sources */ = {isa = PBXBuildFile; fileRef = 65CAFEC727F0490E0029D8E9 /* NiblessViewController.swift */; };
		65CAFED227F049FB0029D8E9 /* DetailViewController.swift in Sources */ = {isa = PBXBuildFile; fileRef = 65CAFED127F049FB0029D8E9 /* DetailViewController.swift */; };
		65CAFED427F04A240029D8E9 /* MainPageViewModel.swift in Sources */ = {isa = PBXBuildFile; fileRef = 65CAFED327F04A240029D8E9 /* MainPageViewModel.swift */; };
		65CAFED727F04CAE0029D8E9 /* RootContainer.swift in Sources */ = {isa = PBXBuildFile; fileRef = 65CAFED627F04CAE0029D8E9 /* RootContainer.swift */; };
		65CAFED927F04E800029D8E9 /* GeocodingService.swift in Sources */ = {isa = PBXBuildFile; fileRef = 65CAFED827F04E800029D8E9 /* GeocodingService.swift */; };
		65CAFEDB27F0594F0029D8E9 /* UserDataService.swift in Sources */ = {isa = PBXBuildFile; fileRef = 65CAFEDA27F0594F0029D8E9 /* UserDataService.swift */; };
		65CAFEE227F062CE0029D8E9 /* DetailViewModel.swift in Sources */ = {isa = PBXBuildFile; fileRef = 65CAFEE127F062CE0029D8E9 /* DetailViewModel.swift */; };
		65CAFEE427F0834D0029D8E9 /* WeatherNetworkService.swift in Sources */ = {isa = PBXBuildFile; fileRef = 65CAFEE327F0834D0029D8E9 /* WeatherNetworkService.swift */; };
		65D0A49727F08A1800ADC8D3 /* DateExtensions.swift in Sources */ = {isa = PBXBuildFile; fileRef = 65D0A49627F08A1800ADC8D3 /* DateExtensions.swift */; };
		65D0A49A27F08E5100ADC8D3 /* Weather.swift in Sources */ = {isa = PBXBuildFile; fileRef = 65D0A49927F08E5100ADC8D3 /* Weather.swift */; };
		65D0A49C27F1B83500ADC8D3 /* Temperature.swift in Sources */ = {isa = PBXBuildFile; fileRef = 65D0A49B27F1B83500ADC8D3 /* Temperature.swift */; };
/* End PBXBuildFile section */

/* Begin PBXContainerItemProxy section */
		65CAFEA927F047870029D8E9 /* PBXContainerItemProxy */ = {
			isa = PBXContainerItemProxy;
			containerPortal = 65CAFE8A27F047850029D8E9 /* Project object */;
			proxyType = 1;
			remoteGlobalIDString = 65CAFE9127F047850029D8E9;
			remoteInfo = Weathery;
		};
		65CAFEB327F047870029D8E9 /* PBXContainerItemProxy */ = {
			isa = PBXContainerItemProxy;
			containerPortal = 65CAFE8A27F047850029D8E9 /* Project object */;
			proxyType = 1;
			remoteGlobalIDString = 65CAFE9127F047850029D8E9;
			remoteInfo = Weathery;
		};
/* End PBXContainerItemProxy section */

/* Begin PBXFileReference section */
		65CAFE9227F047850029D8E9 /* Weathery.app */ = {isa = PBXFileReference; explicitFileType = wrapper.application; includeInIndex = 0; path = Weathery.app; sourceTree = BUILT_PRODUCTS_DIR; };
		65CAFE9527F047850029D8E9 /* AppDelegate.swift */ = {isa = PBXFileReference; lastKnownFileType = sourcecode.swift; path = AppDelegate.swift; sourceTree = "<group>"; };
		65CAFE9927F047850029D8E9 /* MainPageViewController.swift */ = {isa = PBXFileReference; lastKnownFileType = sourcecode.swift; path = MainPageViewController.swift; sourceTree = "<group>"; };
		65CAFE9E27F047860029D8E9 /* Assets.xcassets */ = {isa = PBXFileReference; lastKnownFileType = folder.assetcatalog; path = Assets.xcassets; sourceTree = "<group>"; };
		65CAFEA127F047860029D8E9 /* Base */ = {isa = PBXFileReference; lastKnownFileType = file.storyboard; name = Base; path = Base.lproj/LaunchScreen.storyboard; sourceTree = "<group>"; };
		65CAFEA327F047860029D8E9 /* Info.plist */ = {isa = PBXFileReference; lastKnownFileType = text.plist.xml; path = Info.plist; sourceTree = "<group>"; };
		65CAFEA827F047870029D8E9 /* WeatheryTests.xctest */ = {isa = PBXFileReference; explicitFileType = wrapper.cfbundle; includeInIndex = 0; path = WeatheryTests.xctest; sourceTree = BUILT_PRODUCTS_DIR; };
		65CAFEB227F047870029D8E9 /* WeatheryUITests.xctest */ = {isa = PBXFileReference; explicitFileType = wrapper.cfbundle; includeInIndex = 0; path = WeatheryUITests.xctest; sourceTree = BUILT_PRODUCTS_DIR; };
		65CAFEC727F0490E0029D8E9 /* NiblessViewController.swift */ = {isa = PBXFileReference; lastKnownFileType = sourcecode.swift; path = NiblessViewController.swift; sourceTree = "<group>"; };
		65CAFED127F049FB0029D8E9 /* DetailViewController.swift */ = {isa = PBXFileReference; lastKnownFileType = sourcecode.swift; path = DetailViewController.swift; sourceTree = "<group>"; };
		65CAFED327F04A240029D8E9 /* MainPageViewModel.swift */ = {isa = PBXFileReference; lastKnownFileType = sourcecode.swift; path = MainPageViewModel.swift; sourceTree = "<group>"; };
		65CAFED627F04CAE0029D8E9 /* RootContainer.swift */ = {isa = PBXFileReference; lastKnownFileType = sourcecode.swift; path = RootContainer.swift; sourceTree = "<group>"; };
		65CAFED827F04E800029D8E9 /* GeocodingService.swift */ = {isa = PBXFileReference; lastKnownFileType = sourcecode.swift; path = GeocodingService.swift; sourceTree = "<group>"; };
		65CAFEDA27F0594F0029D8E9 /* UserDataService.swift */ = {isa = PBXFileReference; lastKnownFileType = sourcecode.swift; path = UserDataService.swift; sourceTree = "<group>"; };
		65CAFEE127F062CE0029D8E9 /* DetailViewModel.swift */ = {isa = PBXFileReference; lastKnownFileType = sourcecode.swift; path = DetailViewModel.swift; sourceTree = "<group>"; };
		65CAFEE327F0834D0029D8E9 /* WeatherNetworkService.swift */ = {isa = PBXFileReference; lastKnownFileType = sourcecode.swift; path = WeatherNetworkService.swift; sourceTree = "<group>"; };
		65D0A49627F08A1800ADC8D3 /* DateExtensions.swift */ = {isa = PBXFileReference; lastKnownFileType = sourcecode.swift; path = DateExtensions.swift; sourceTree = "<group>"; };
		65D0A49927F08E5100ADC8D3 /* Weather.swift */ = {isa = PBXFileReference; lastKnownFileType = sourcecode.swift; path = Weather.swift; sourceTree = "<group>"; };
		65D0A49B27F1B83500ADC8D3 /* Temperature.swift */ = {isa = PBXFileReference; lastKnownFileType = sourcecode.swift; path = Temperature.swift; sourceTree = "<group>"; };
/* End PBXFileReference section */

/* Begin PBXFrameworksBuildPhase section */
		65CAFE8F27F047850029D8E9 /* Frameworks */ = {
			isa = PBXFrameworksBuildPhase;
			buildActionMask = 2147483647;
			files = (
			);
			runOnlyForDeploymentPostprocessing = 0;
		};
		65CAFEA527F047870029D8E9 /* Frameworks */ = {
			isa = PBXFrameworksBuildPhase;
			buildActionMask = 2147483647;
			files = (
			);
			runOnlyForDeploymentPostprocessing = 0;
		};
		65CAFEAF27F047870029D8E9 /* Frameworks */ = {
			isa = PBXFrameworksBuildPhase;
			buildActionMask = 2147483647;
			files = (
			);
			runOnlyForDeploymentPostprocessing = 0;
		};
/* End PBXFrameworksBuildPhase section */

/* Begin PBXGroup section */
		65CAFE8927F047850029D8E9 = {
			isa = PBXGroup;
			children = (
				65CAFE9427F047850029D8E9 /* Weathery */,
				65CAFE9327F047850029D8E9 /* Products */,
			);
			sourceTree = "<group>";
		};
		65CAFE9327F047850029D8E9 /* Products */ = {
			isa = PBXGroup;
			children = (
				65CAFE9227F047850029D8E9 /* Weathery.app */,
				65CAFEA827F047870029D8E9 /* WeatheryTests.xctest */,
				65CAFEB227F047870029D8E9 /* WeatheryUITests.xctest */,
			);
			name = Products;
			sourceTree = "<group>";
		};
		65CAFE9427F047850029D8E9 /* Weathery */ = {
			isa = PBXGroup;
			children = (
				65CAFE9527F047850029D8E9 /* AppDelegate.swift */,
				65CAFED627F04CAE0029D8E9 /* RootContainer.swift */,
				65CAFED527F04C9B0029D8E9 /* Services */,
				65CAFECD27F049DC0029D8E9 /* Sections */,
				65D0A49827F08E4A00ADC8D3 /* Models */,
				65CAFEC527F048F60029D8E9 /* Helpers */,
				65CAFE9E27F047860029D8E9 /* Assets.xcassets */,
				65CAFEA027F047860029D8E9 /* LaunchScreen.storyboard */,
				65CAFEA327F047860029D8E9 /* Info.plist */,
			);
			path = Weathery;
			sourceTree = "<group>";
		};
		65CAFEC527F048F60029D8E9 /* Helpers */ = {
			isa = PBXGroup;
			children = (
				65D0A49B27F1B83500ADC8D3 /* Temperature.swift */,
				65D0A49627F08A1800ADC8D3 /* DateExtensions.swift */,
				65CAFEC727F0490E0029D8E9 /* NiblessViewController.swift */,
			);
			path = Helpers;
			sourceTree = "<group>";
		};
		65CAFECD27F049DC0029D8E9 /* Sections */ = {
			isa = PBXGroup;
			children = (
				65CAFECE27F049DE0029D8E9 /* Main Page */,
				65CAFED027F049E60029D8E9 /* Detail Page */,
			);
			path = Sections;
			sourceTree = "<group>";
		};
		65CAFECE27F049DE0029D8E9 /* Main Page */ = {
			isa = PBXGroup;
			children = (
				65CAFE9927F047850029D8E9 /* MainPageViewController.swift */,
				65CAFED327F04A240029D8E9 /* MainPageViewModel.swift */,
			);
			path = "Main Page";
			sourceTree = "<group>";
		};
		65CAFED027F049E60029D8E9 /* Detail Page */ = {
			isa = PBXGroup;
			children = (
				65CAFED127F049FB0029D8E9 /* DetailViewController.swift */,
				65CAFEE127F062CE0029D8E9 /* DetailViewModel.swift */,
			);
			path = "Detail Page";
			sourceTree = "<group>";
		};
		65CAFED527F04C9B0029D8E9 /* Services */ = {
			isa = PBXGroup;
			children = (
				65CAFEE327F0834D0029D8E9 /* WeatherNetworkService.swift */,
				65CAFED827F04E800029D8E9 /* GeocodingService.swift */,
				65CAFEDA27F0594F0029D8E9 /* UserDataService.swift */,
			);
			path = Services;
			sourceTree = "<group>";
		};
		65D0A49827F08E4A00ADC8D3 /* Models */ = {
			isa = PBXGroup;
			children = (
				65D0A49927F08E5100ADC8D3 /* Weather.swift */,
			);
			path = Models;
			sourceTree = "<group>";
		};
/* End PBXGroup section */

/* Begin PBXNativeTarget section */
		65CAFE9127F047850029D8E9 /* Weathery */ = {
			isa = PBXNativeTarget;
			buildConfigurationList = 65CAFEBC27F047870029D8E9 /* Build configuration list for PBXNativeTarget "Weathery" */;
			buildPhases = (
				65CAFE8E27F047850029D8E9 /* Sources */,
				65CAFE8F27F047850029D8E9 /* Frameworks */,
				65CAFE9027F047850029D8E9 /* Resources */,
			);
			buildRules = (
			);
			dependencies = (
			);
			name = Weathery;
			productName = Weathery;
			productReference = 65CAFE9227F047850029D8E9 /* Weathery.app */;
			productType = "com.apple.product-type.application";
		};
		65CAFEA727F047870029D8E9 /* WeatheryTests */ = {
			isa = PBXNativeTarget;
			buildConfigurationList = 65CAFEBF27F047870029D8E9 /* Build configuration list for PBXNativeTarget "WeatheryTests" */;
			buildPhases = (
				65CAFEA427F047870029D8E9 /* Sources */,
				65CAFEA527F047870029D8E9 /* Frameworks */,
				65CAFEA627F047870029D8E9 /* Resources */,
			);
			buildRules = (
			);
			dependencies = (
				65CAFEAA27F047870029D8E9 /* PBXTargetDependency */,
			);
			name = WeatheryTests;
			productName = WeatheryTests;
			productReference = 65CAFEA827F047870029D8E9 /* WeatheryTests.xctest */;
			productType = "com.apple.product-type.bundle.unit-test";
		};
		65CAFEB127F047870029D8E9 /* WeatheryUITests */ = {
			isa = PBXNativeTarget;
			buildConfigurationList = 65CAFEC227F047870029D8E9 /* Build configuration list for PBXNativeTarget "WeatheryUITests" */;
			buildPhases = (
				65CAFEAE27F047870029D8E9 /* Sources */,
				65CAFEAF27F047870029D8E9 /* Frameworks */,
				65CAFEB027F047870029D8E9 /* Resources */,
			);
			buildRules = (
			);
			dependencies = (
				65CAFEB427F047870029D8E9 /* PBXTargetDependency */,
			);
			name = WeatheryUITests;
			productName = WeatheryUITests;
			productReference = 65CAFEB227F047870029D8E9 /* WeatheryUITests.xctest */;
			productType = "com.apple.product-type.bundle.ui-testing";
		};
/* End PBXNativeTarget section */

/* Begin PBXProject section */
		65CAFE8A27F047850029D8E9 /* Project object */ = {
			isa = PBXProject;
			attributes = {
				BuildIndependentTargetsInParallel = 1;
				LastSwiftUpdateCheck = 1330;
				LastUpgradeCheck = 1330;
				TargetAttributes = {
					65CAFE9127F047850029D8E9 = {
						CreatedOnToolsVersion = 13.3;
					};
					65CAFEA727F047870029D8E9 = {
						CreatedOnToolsVersion = 13.3;
						TestTargetID = 65CAFE9127F047850029D8E9;
					};
					65CAFEB127F047870029D8E9 = {
						CreatedOnToolsVersion = 13.3;
						TestTargetID = 65CAFE9127F047850029D8E9;
					};
				};
			};
			buildConfigurationList = 65CAFE8D27F047850029D8E9 /* Build configuration list for PBXProject "Weathery" */;
			compatibilityVersion = "Xcode 13.0";
			developmentRegion = en;
			hasScannedForEncodings = 0;
			knownRegions = (
				en,
				Base,
			);
			mainGroup = 65CAFE8927F047850029D8E9;
			productRefGroup = 65CAFE9327F047850029D8E9 /* Products */;
			projectDirPath = "";
			projectRoot = "";
			targets = (
				65CAFE9127F047850029D8E9 /* Weathery */,
				65CAFEA727F047870029D8E9 /* WeatheryTests */,
				65CAFEB127F047870029D8E9 /* WeatheryUITests */,
			);
		};
/* End PBXProject section */

/* Begin PBXResourcesBuildPhase section */
		65CAFE9027F047850029D8E9 /* Resources */ = {
			isa = PBXResourcesBuildPhase;
			buildActionMask = 2147483647;
			files = (
				65CAFEA227F047860029D8E9 /* LaunchScreen.storyboard in Resources */,
				65CAFE9F27F047860029D8E9 /* Assets.xcassets in Resources */,
			);
			runOnlyForDeploymentPostprocessing = 0;
		};
		65CAFEA627F047870029D8E9 /* Resources */ = {
			isa = PBXResourcesBuildPhase;
			buildActionMask = 2147483647;
			files = (
			);
			runOnlyForDeploymentPostprocessing = 0;
		};
		65CAFEB027F047870029D8E9 /* Resources */ = {
			isa = PBXResourcesBuildPhase;
			buildActionMask = 2147483647;
			files = (
			);
			runOnlyForDeploymentPostprocessing = 0;
		};
/* End PBXResourcesBuildPhase section */

/* Begin PBXSourcesBuildPhase section */
		65CAFE8E27F047850029D8E9 /* Sources */ = {
			isa = PBXSourcesBuildPhase;
			buildActionMask = 2147483647;
			files = (
				65CAFEE227F062CE0029D8E9 /* DetailViewModel.swift in Sources */,
				65CAFED227F049FB0029D8E9 /* DetailViewController.swift in Sources */,
				65CAFE9A27F047850029D8E9 /* MainPageViewController.swift in Sources */,
				65CAFED427F04A240029D8E9 /* MainPageViewModel.swift in Sources */,
				65CAFEC827F0490E0029D8E9 /* NiblessViewController.swift in Sources */,
				65D0A49A27F08E5100ADC8D3 /* Weather.swift in Sources */,
				65CAFED927F04E800029D8E9 /* GeocodingService.swift in Sources */,
				65CAFEE427F0834D0029D8E9 /* WeatherNetworkService.swift in Sources */,
				65CAFE9627F047850029D8E9 /* AppDelegate.swift in Sources */,
				65D0A49C27F1B83500ADC8D3 /* Temperature.swift in Sources */,
				65CAFED727F04CAE0029D8E9 /* RootContainer.swift in Sources */,
				65CAFEDB27F0594F0029D8E9 /* UserDataService.swift in Sources */,
				65D0A49727F08A1800ADC8D3 /* DateExtensions.swift in Sources */,
			);
			runOnlyForDeploymentPostprocessing = 0;
		};
		65CAFEA427F047870029D8E9 /* Sources */ = {
			isa = PBXSourcesBuildPhase;
			buildActionMask = 2147483647;
			files = (
			);
			runOnlyForDeploymentPostprocessing = 0;
		};
		65CAFEAE27F047870029D8E9 /* Sources */ = {
			isa = PBXSourcesBuildPhase;
			buildActionMask = 2147483647;
			files = (
			);
			runOnlyForDeploymentPostprocessing = 0;
		};
/* End PBXSourcesBuildPhase section */

/* Begin PBXTargetDependency section */
		65CAFEAA27F047870029D8E9 /* PBXTargetDependency */ = {
			isa = PBXTargetDependency;
			target = 65CAFE9127F047850029D8E9 /* Weathery */;
			targetProxy = 65CAFEA927F047870029D8E9 /* PBXContainerItemProxy */;
		};
		65CAFEB427F047870029D8E9 /* PBXTargetDependency */ = {
			isa = PBXTargetDependency;
			target = 65CAFE9127F047850029D8E9 /* Weathery */;
			targetProxy = 65CAFEB327F047870029D8E9 /* PBXContainerItemProxy */;
		};
/* End PBXTargetDependency section */

/* Begin PBXVariantGroup section */
		65CAFEA027F047860029D8E9 /* LaunchScreen.storyboard */ = {
			isa = PBXVariantGroup;
			children = (
				65CAFEA127F047860029D8E9 /* Base */,
			);
			name = LaunchScreen.storyboard;
			sourceTree = "<group>";
		};
/* End PBXVariantGroup section */

/* Begin XCBuildConfiguration section */
		65CAFEBA27F047870029D8E9 /* Debug */ = {
			isa = XCBuildConfiguration;
			buildSettings = {
				ALWAYS_SEARCH_USER_PATHS = NO;
				CLANG_ANALYZER_NONNULL = YES;
				CLANG_ANALYZER_NUMBER_OBJECT_CONVERSION = YES_AGGRESSIVE;
				CLANG_CXX_LANGUAGE_STANDARD = "gnu++17";
				CLANG_ENABLE_MODULES = YES;
				CLANG_ENABLE_OBJC_ARC = YES;
				CLANG_ENABLE_OBJC_WEAK = YES;
				CLANG_WARN_BLOCK_CAPTURE_AUTORELEASING = YES;
				CLANG_WARN_BOOL_CONVERSION = YES;
				CLANG_WARN_COMMA = YES;
				CLANG_WARN_CONSTANT_CONVERSION = YES;
				CLANG_WARN_DEPRECATED_OBJC_IMPLEMENTATIONS = YES;
				CLANG_WARN_DIRECT_OBJC_ISA_USAGE = YES_ERROR;
				CLANG_WARN_DOCUMENTATION_COMMENTS = YES;
				CLANG_WARN_EMPTY_BODY = YES;
				CLANG_WARN_ENUM_CONVERSION = YES;
				CLANG_WARN_INFINITE_RECURSION = YES;
				CLANG_WARN_INT_CONVERSION = YES;
				CLANG_WARN_NON_LITERAL_NULL_CONVERSION = YES;
				CLANG_WARN_OBJC_IMPLICIT_RETAIN_SELF = YES;
				CLANG_WARN_OBJC_LITERAL_CONVERSION = YES;
				CLANG_WARN_OBJC_ROOT_CLASS = YES_ERROR;
				CLANG_WARN_QUOTED_INCLUDE_IN_FRAMEWORK_HEADER = YES;
				CLANG_WARN_RANGE_LOOP_ANALYSIS = YES;
				CLANG_WARN_STRICT_PROTOTYPES = YES;
				CLANG_WARN_SUSPICIOUS_MOVE = YES;
				CLANG_WARN_UNGUARDED_AVAILABILITY = YES_AGGRESSIVE;
				CLANG_WARN_UNREACHABLE_CODE = YES;
				CLANG_WARN__DUPLICATE_METHOD_MATCH = YES;
				COPY_PHASE_STRIP = NO;
				DEBUG_INFORMATION_FORMAT = dwarf;
				ENABLE_STRICT_OBJC_MSGSEND = YES;
				ENABLE_TESTABILITY = YES;
				GCC_C_LANGUAGE_STANDARD = gnu11;
				GCC_DYNAMIC_NO_PIC = NO;
				GCC_NO_COMMON_BLOCKS = YES;
				GCC_OPTIMIZATION_LEVEL = 0;
				GCC_PREPROCESSOR_DEFINITIONS = (
					"DEBUG=1",
					"$(inherited)",
				);
				GCC_WARN_64_TO_32_BIT_CONVERSION = YES;
				GCC_WARN_ABOUT_RETURN_TYPE = YES_ERROR;
				GCC_WARN_UNDECLARED_SELECTOR = YES;
				GCC_WARN_UNINITIALIZED_AUTOS = YES_AGGRESSIVE;
				GCC_WARN_UNUSED_FUNCTION = YES;
				GCC_WARN_UNUSED_VARIABLE = YES;
				IPHONEOS_DEPLOYMENT_TARGET = 15.4;
				MTL_ENABLE_DEBUG_INFO = INCLUDE_SOURCE;
				MTL_FAST_MATH = YES;
				ONLY_ACTIVE_ARCH = YES;
				SDKROOT = iphoneos;
				SWIFT_ACTIVE_COMPILATION_CONDITIONS = DEBUG;
				SWIFT_OPTIMIZATION_LEVEL = "-Onone";
			};
			name = Debug;
		};
		65CAFEBB27F047870029D8E9 /* Release */ = {
			isa = XCBuildConfiguration;
			buildSettings = {
				ALWAYS_SEARCH_USER_PATHS = NO;
				CLANG_ANALYZER_NONNULL = YES;
				CLANG_ANALYZER_NUMBER_OBJECT_CONVERSION = YES_AGGRESSIVE;
				CLANG_CXX_LANGUAGE_STANDARD = "gnu++17";
				CLANG_ENABLE_MODULES = YES;
				CLANG_ENABLE_OBJC_ARC = YES;
				CLANG_ENABLE_OBJC_WEAK = YES;
				CLANG_WARN_BLOCK_CAPTURE_AUTORELEASING = YES;
				CLANG_WARN_BOOL_CONVERSION = YES;
				CLANG_WARN_COMMA = YES;
				CLANG_WARN_CONSTANT_CONVERSION = YES;
				CLANG_WARN_DEPRECATED_OBJC_IMPLEMENTATIONS = YES;
				CLANG_WARN_DIRECT_OBJC_ISA_USAGE = YES_ERROR;
				CLANG_WARN_DOCUMENTATION_COMMENTS = YES;
				CLANG_WARN_EMPTY_BODY = YES;
				CLANG_WARN_ENUM_CONVERSION = YES;
				CLANG_WARN_INFINITE_RECURSION = YES;
				CLANG_WARN_INT_CONVERSION = YES;
				CLANG_WARN_NON_LITERAL_NULL_CONVERSION = YES;
				CLANG_WARN_OBJC_IMPLICIT_RETAIN_SELF = YES;
				CLANG_WARN_OBJC_LITERAL_CONVERSION = YES;
				CLANG_WARN_OBJC_ROOT_CLASS = YES_ERROR;
				CLANG_WARN_QUOTED_INCLUDE_IN_FRAMEWORK_HEADER = YES;
				CLANG_WARN_RANGE_LOOP_ANALYSIS = YES;
				CLANG_WARN_STRICT_PROTOTYPES = YES;
				CLANG_WARN_SUSPICIOUS_MOVE = YES;
				CLANG_WARN_UNGUARDED_AVAILABILITY = YES_AGGRESSIVE;
				CLANG_WARN_UNREACHABLE_CODE = YES;
				CLANG_WARN__DUPLICATE_METHOD_MATCH = YES;
				COPY_PHASE_STRIP = NO;
				DEBUG_INFORMATION_FORMAT = "dwarf-with-dsym";
				ENABLE_NS_ASSERTIONS = NO;
				ENABLE_STRICT_OBJC_MSGSEND = YES;
				GCC_C_LANGUAGE_STANDARD = gnu11;
				GCC_NO_COMMON_BLOCKS = YES;
				GCC_WARN_64_TO_32_BIT_CONVERSION = YES;
				GCC_WARN_ABOUT_RETURN_TYPE = YES_ERROR;
				GCC_WARN_UNDECLARED_SELECTOR = YES;
				GCC_WARN_UNINITIALIZED_AUTOS = YES_AGGRESSIVE;
				GCC_WARN_UNUSED_FUNCTION = YES;
				GCC_WARN_UNUSED_VARIABLE = YES;
				IPHONEOS_DEPLOYMENT_TARGET = 15.4;
				MTL_ENABLE_DEBUG_INFO = NO;
				MTL_FAST_MATH = YES;
				SDKROOT = iphoneos;
				SWIFT_COMPILATION_MODE = wholemodule;
				SWIFT_OPTIMIZATION_LEVEL = "-O";
				VALIDATE_PRODUCT = YES;
			};
			name = Release;
		};
		65CAFEBD27F047870029D8E9 /* Debug */ = {
			isa = XCBuildConfiguration;
			buildSettings = {
				ASSETCATALOG_COMPILER_APPICON_NAME = AppIcon;
				ASSETCATALOG_COMPILER_GLOBAL_ACCENT_COLOR_NAME = AccentColor;
				CODE_SIGN_STYLE = Automatic;
				CURRENT_PROJECT_VERSION = 1;
				DEVELOPMENT_TEAM = MZR3LKJHP7;
				GENERATE_INFOPLIST_FILE = YES;
				INFOPLIST_FILE = Weathery/Info.plist;
				INFOPLIST_KEY_UIApplicationSupportsIndirectInputEvents = YES;
				INFOPLIST_KEY_UILaunchStoryboardName = LaunchScreen;
				INFOPLIST_KEY_UIMainStoryboardFile = LaunchScreen;
				INFOPLIST_KEY_UISupportedInterfaceOrientations_iPad = "UIInterfaceOrientationPortrait UIInterfaceOrientationPortraitUpsideDown UIInterfaceOrientationLandscapeLeft UIInterfaceOrientationLandscapeRight";
				INFOPLIST_KEY_UISupportedInterfaceOrientations_iPhone = "UIInterfaceOrientationPortrait UIInterfaceOrientationLandscapeLeft UIInterfaceOrientationLandscapeRight";
				IPHONEOS_DEPLOYMENT_TARGET = 9.0;
				LD_RUNPATH_SEARCH_PATHS = (
					"$(inherited)",
					"@executable_path/Frameworks",
				);
				MARKETING_VERSION = 1.0;
				PRODUCT_BUNDLE_IDENTIFIER = dev.dudek.Weathery;
				PRODUCT_NAME = "$(TARGET_NAME)";
				SWIFT_EMIT_LOC_STRINGS = YES;
				SWIFT_VERSION = 5.0;
				TARGETED_DEVICE_FAMILY = "1,2";
			};
			name = Debug;
		};
		65CAFEBE27F047870029D8E9 /* Release */ = {
			isa = XCBuildConfiguration;
			buildSettings = {
				ASSETCATALOG_COMPILER_APPICON_NAME = AppIcon;
				ASSETCATALOG_COMPILER_GLOBAL_ACCENT_COLOR_NAME = AccentColor;
				CODE_SIGN_STYLE = Automatic;
				CURRENT_PROJECT_VERSION = 1;
				DEVELOPMENT_TEAM = MZR3LKJHP7;
				GENERATE_INFOPLIST_FILE = YES;
				INFOPLIST_FILE = Weathery/Info.plist;
				INFOPLIST_KEY_UIApplicationSupportsIndirectInputEvents = YES;
				INFOPLIST_KEY_UILaunchStoryboardName = LaunchScreen;
				INFOPLIST_KEY_UIMainStoryboardFile = LaunchScreen;
				INFOPLIST_KEY_UISupportedInterfaceOrientations_iPad = "UIInterfaceOrientationPortrait UIInterfaceOrientationPortraitUpsideDown UIInterfaceOrientationLandscapeLeft UIInterfaceOrientationLandscapeRight";
				INFOPLIST_KEY_UISupportedInterfaceOrientations_iPhone = "UIInterfaceOrientationPortrait UIInterfaceOrientationLandscapeLeft UIInterfaceOrientationLandscapeRight";
				IPHONEOS_DEPLOYMENT_TARGET = 9.0;
				LD_RUNPATH_SEARCH_PATHS = (
					"$(inherited)",
					"@executable_path/Frameworks",
				);
				MARKETING_VERSION = 1.0;
				PRODUCT_BUNDLE_IDENTIFIER = dev.dudek.Weathery;
				PRODUCT_NAME = "$(TARGET_NAME)";
				SWIFT_EMIT_LOC_STRINGS = YES;
				SWIFT_VERSION = 5.0;
				TARGETED_DEVICE_FAMILY = "1,2";
			};
			name = Release;
		};
		65CAFEC027F047870029D8E9 /* Debug */ = {
			isa = XCBuildConfiguration;
			buildSettings = {
				ALWAYS_EMBED_SWIFT_STANDARD_LIBRARIES = YES;
				BUNDLE_LOADER = "$(TEST_HOST)";
				CODE_SIGN_STYLE = Automatic;
				CURRENT_PROJECT_VERSION = 1;
				DEVELOPMENT_TEAM = MZR3LKJHP7;
				GENERATE_INFOPLIST_FILE = YES;
				IPHONEOS_DEPLOYMENT_TARGET = 15.4;
				MARKETING_VERSION = 1.0;
				PRODUCT_BUNDLE_IDENTIFIER = dev.dudek.WeatheryTests;
				PRODUCT_NAME = "$(TARGET_NAME)";
				SWIFT_EMIT_LOC_STRINGS = NO;
				SWIFT_VERSION = 5.0;
				TARGETED_DEVICE_FAMILY = "1,2";
				TEST_HOST = "$(BUILT_PRODUCTS_DIR)/Weathery.app/Weathery";
			};
			name = Debug;
		};
		65CAFEC127F047870029D8E9 /* Release */ = {
			isa = XCBuildConfiguration;
			buildSettings = {
				ALWAYS_EMBED_SWIFT_STANDARD_LIBRARIES = YES;
				BUNDLE_LOADER = "$(TEST_HOST)";
				CODE_SIGN_STYLE = Automatic;
				CURRENT_PROJECT_VERSION = 1;
				DEVELOPMENT_TEAM = MZR3LKJHP7;
				GENERATE_INFOPLIST_FILE = YES;
				IPHONEOS_DEPLOYMENT_TARGET = 15.4;
				MARKETING_VERSION = 1.0;
				PRODUCT_BUNDLE_IDENTIFIER = dev.dudek.WeatheryTests;
				PRODUCT_NAME = "$(TARGET_NAME)";
				SWIFT_EMIT_LOC_STRINGS = NO;
				SWIFT_VERSION = 5.0;
				TARGETED_DEVICE_FAMILY = "1,2";
				TEST_HOST = "$(BUILT_PRODUCTS_DIR)/Weathery.app/Weathery";
			};
			name = Release;
		};
		65CAFEC327F047870029D8E9 /* Debug */ = {
			isa = XCBuildConfiguration;
			buildSettings = {
				ALWAYS_EMBED_SWIFT_STANDARD_LIBRARIES = YES;
				CODE_SIGN_STYLE = Automatic;
				CURRENT_PROJECT_VERSION = 1;
				DEVELOPMENT_TEAM = MZR3LKJHP7;
				GENERATE_INFOPLIST_FILE = YES;
				MARKETING_VERSION = 1.0;
				PRODUCT_BUNDLE_IDENTIFIER = dev.dudek.WeatheryUITests;
				PRODUCT_NAME = "$(TARGET_NAME)";
				SWIFT_EMIT_LOC_STRINGS = NO;
				SWIFT_VERSION = 5.0;
				TARGETED_DEVICE_FAMILY = "1,2";
				TEST_TARGET_NAME = Weathery;
			};
			name = Debug;
		};
		65CAFEC427F047870029D8E9 /* Release */ = {
			isa = XCBuildConfiguration;
			buildSettings = {
				ALWAYS_EMBED_SWIFT_STANDARD_LIBRARIES = YES;
				CODE_SIGN_STYLE = Automatic;
				CURRENT_PROJECT_VERSION = 1;
				DEVELOPMENT_TEAM = MZR3LKJHP7;
				GENERATE_INFOPLIST_FILE = YES;
				MARKETING_VERSION = 1.0;
				PRODUCT_BUNDLE_IDENTIFIER = dev.dudek.WeatheryUITests;
				PRODUCT_NAME = "$(TARGET_NAME)";
				SWIFT_EMIT_LOC_STRINGS = NO;
				SWIFT_VERSION = 5.0;
				TARGETED_DEVICE_FAMILY = "1,2";
				TEST_TARGET_NAME = Weathery;
			};
			name = Release;
		};
/* End XCBuildConfiguration section */

/* Begin XCConfigurationList section */
		65CAFE8D27F047850029D8E9 /* Build configuration list for PBXProject "Weathery" */ = {
			isa = XCConfigurationList;
			buildConfigurations = (
				65CAFEBA27F047870029D8E9 /* Debug */,
				65CAFEBB27F047870029D8E9 /* Release */,
			);
			defaultConfigurationIsVisible = 0;
			defaultConfigurationName = Release;
		};
		65CAFEBC27F047870029D8E9 /* Build configuration list for PBXNativeTarget "Weathery" */ = {
			isa = XCConfigurationList;
			buildConfigurations = (
				65CAFEBD27F047870029D8E9 /* Debug */,
				65CAFEBE27F047870029D8E9 /* Release */,
			);
			defaultConfigurationIsVisible = 0;
			defaultConfigurationName = Release;
		};
		65CAFEBF27F047870029D8E9 /* Build configuration list for PBXNativeTarget "WeatheryTests" */ = {
			isa = XCConfigurationList;
			buildConfigurations = (
				65CAFEC027F047870029D8E9 /* Debug */,
				65CAFEC127F047870029D8E9 /* Release */,
			);
			defaultConfigurationIsVisible = 0;
			defaultConfigurationName = Release;
		};
		65CAFEC227F047870029D8E9 /* Build configuration list for PBXNativeTarget "WeatheryUITests" */ = {
			isa = XCConfigurationList;
			buildConfigurations = (
				65CAFEC327F047870029D8E9 /* Debug */,
				65CAFEC427F047870029D8E9 /* Release */,
			);
			defaultConfigurationIsVisible = 0;
			defaultConfigurationName = Release;
		};
/* End XCConfigurationList section */
	};
	rootObject = 65CAFE8A27F047850029D8E9 /* Project object */;
}
